
Microsoft Visual Studio Solution File, Format Version 12.00
# Visual Studio Version 17
VisualStudioVersion = 17.8.34302.71
MinimumVisualStudioVersion = 10.0.40219.1
Project("{9A19103F-16F7-4668-BE54-9A1E7A4F7556}") = "PasswordManager", "PasswordManager\PasswordManager.csproj", "{E0F531C0-422C-4E92-BCDE-F65819FB1A04}"
EndProject
Project("{FAE04EC0-301F-11D3-BF4B-00C04F79EFBC}") = "PasswordManager-Infrastructure", "PasswordManager-Infrastructure\PasswordManager-Infrastructure.csproj", "{8D9A0265-1D74-4F7E-8285-93343FDB41DE}"
EndProject
Global
	GlobalSection(SolutionConfigurationPlatforms) = preSolution
		Debug|Any CPU = Debug|Any CPU
		Release|Any CPU = Release|Any CPU
	EndGlobalSection
	GlobalSection(ProjectConfigurationPlatforms) = postSolution
		{E0F531C0-422C-4E92-BCDE-F65819FB1A04}.Debug|Any CPU.ActiveCfg = Debug|Any CPU
		{E0F531C0-422C-4E92-BCDE-F65819FB1A04}.Debug|Any CPU.Build.0 = Debug|Any CPU
		{E0F531C0-422C-4E92-BCDE-F65819FB1A04}.Debug|Any CPU.Deploy.0 = Debug|Any CPU
		{E0F531C0-422C-4E92-BCDE-F65819FB1A04}.Release|Any CPU.ActiveCfg = Release|Any CPU
		{E0F531C0-422C-4E92-BCDE-F65819FB1A04}.Release|Any CPU.Build.0 = Release|Any CPU
		{E0F531C0-422C-4E92-BCDE-F65819FB1A04}.Release|Any CPU.Deploy.0 = Release|Any CPU
		{8D9A0265-1D74-4F7E-8285-93343FDB41DE}.Debug|Any CPU.ActiveCfg = Debug|Any CPU
		{8D9A0265-1D74-4F7E-8285-93343FDB41DE}.Debug|Any CPU.Build.0 = Debug|Any CPU
		{8D9A0265-1D74-4F7E-8285-93343FDB41DE}.Release|Any CPU.ActiveCfg = Release|Any CPU
		{8D9A0265-1D74-4F7E-8285-93343FDB41DE}.Release|Any CPU.Build.0 = Release|Any CPU
	EndGlobalSection
	GlobalSection(SolutionProperties) = preSolution
		HideSolutionNode = FALSE
	EndGlobalSection
	GlobalSection(ExtensibilityGlobals) = postSolution
		SolutionGuid = {E582570E-59FE-46CF-B039-8A87C800ABCD}
	EndGlobalSection
EndGlobal
